
Microsoft Visual Studio Solution File, Format Version 12.00
# Visual Studio Version 17
VisualStudioVersion = 17.0.31903.59
MinimumVisualStudioVersion = 10.0.40219.1
Project("{2150E333-8FDC-42A3-9474-1A3956D46DE8}") = "src", "src", "{4F4924F9-38A4-444B-83ED-00ED0019CF60}"
EndProject
Project("{2150E333-8FDC-42A3-9474-1A3956D46DE8}") = "UI", "UI", "{A8D30382-757F-4689-A3D6-3C7C91D47B88}"
EndProject
Project("{FAE04EC0-301F-11D3-BF4B-00C04F79EFBC}") = "UserManagementApi", "src\UI\UserManagementApi\UserManagementApi.csproj", "{18CF9CBA-367B-47DB-B548-BE704A7DBAA0}"
EndProject
Project("{2150E333-8FDC-42A3-9474-1A3956D46DE8}") = "InterfaceAdapters", "InterfaceAdapters", "{C44520F3-3D1D-4F3E-A600-640F090835D7}"
EndProject
Project("{FAE04EC0-301F-11D3-BF4B-00C04F79EFBC}") = "Controllers", "src\InterfaceAdapters\Controllers\Controllers.csproj", "{F3EA6AFF-12ED-49F2-B120-014C4693B208}"
EndProject
Project("{FAE04EC0-301F-11D3-BF4B-00C04F79EFBC}") = "InversionOfControl", "src\InterfaceAdapters\InversionOfControl\InversionOfControl.csproj", "{77B8B423-19A0-4087-BDBB-3D3B658B7B84}"
EndProject
Project("{2150E333-8FDC-42A3-9474-1A3956D46DE8}") = "AppBusinessRules", "AppBusinessRules", "{7DE9E1BB-A756-4AA3-874E-EEBAE98A6B65}"
EndProject
Project("{FAE04EC0-301F-11D3-BF4B-00C04F79EFBC}") = "DTO", "src\AppBusinessRules\DTO\DTO.csproj", "{2BD71BCF-672E-4837-A56B-2EFD9E0AB0D4}"
EndProject
Project("{2150E333-8FDC-42A3-9474-1A3956D46DE8}") = "SharedKernel", "SharedKernel", "{EB9D782D-A1D0-4045-A338-03F7ECDEBD67}"
EndProject
Project("{FAE04EC0-301F-11D3-BF4B-00C04F79EFBC}") = "Entities", "src\SharedKernel\Entities\Entities.csproj", "{276D2BF4-1AB1-4614-ACCE-32584C0C3A0A}"
EndProject
Global
	GlobalSection(SolutionConfigurationPlatforms) = preSolution
		Debug|Any CPU = Debug|Any CPU
		Release|Any CPU = Release|Any CPU
	EndGlobalSection
	GlobalSection(SolutionProperties) = preSolution
		HideSolutionNode = FALSE
	EndGlobalSection
	GlobalSection(NestedProjects) = preSolution
		{A8D30382-757F-4689-A3D6-3C7C91D47B88} = {4F4924F9-38A4-444B-83ED-00ED0019CF60}
		{18CF9CBA-367B-47DB-B548-BE704A7DBAA0} = {A8D30382-757F-4689-A3D6-3C7C91D47B88}
		{C44520F3-3D1D-4F3E-A600-640F090835D7} = {4F4924F9-38A4-444B-83ED-00ED0019CF60}
		{F3EA6AFF-12ED-49F2-B120-014C4693B208} = {C44520F3-3D1D-4F3E-A600-640F090835D7}
		{77B8B423-19A0-4087-BDBB-3D3B658B7B84} = {C44520F3-3D1D-4F3E-A600-640F090835D7}
		{7DE9E1BB-A756-4AA3-874E-EEBAE98A6B65} = {4F4924F9-38A4-444B-83ED-00ED0019CF60}
		{2BD71BCF-672E-4837-A56B-2EFD9E0AB0D4} = {7DE9E1BB-A756-4AA3-874E-EEBAE98A6B65}
		{EB9D782D-A1D0-4045-A338-03F7ECDEBD67} = {4F4924F9-38A4-444B-83ED-00ED0019CF60}
		{276D2BF4-1AB1-4614-ACCE-32584C0C3A0A} = {EB9D782D-A1D0-4045-A338-03F7ECDEBD67}
	EndGlobalSection
	GlobalSection(ProjectConfigurationPlatforms) = postSolution
		{18CF9CBA-367B-47DB-B548-BE704A7DBAA0}.Debug|Any CPU.ActiveCfg = Debug|Any CPU
		{18CF9CBA-367B-47DB-B548-BE704A7DBAA0}.Debug|Any CPU.Build.0 = Debug|Any CPU
		{18CF9CBA-367B-47DB-B548-BE704A7DBAA0}.Release|Any CPU.ActiveCfg = Release|Any CPU
		{18CF9CBA-367B-47DB-B548-BE704A7DBAA0}.Release|Any CPU.Build.0 = Release|Any CPU
		{F3EA6AFF-12ED-49F2-B120-014C4693B208}.Debug|Any CPU.ActiveCfg = Debug|Any CPU
		{F3EA6AFF-12ED-49F2-B120-014C4693B208}.Debug|Any CPU.Build.0 = Debug|Any CPU
		{F3EA6AFF-12ED-49F2-B120-014C4693B208}.Release|Any CPU.ActiveCfg = Release|Any CPU
		{F3EA6AFF-12ED-49F2-B120-014C4693B208}.Release|Any CPU.Build.0 = Release|Any CPU
		{77B8B423-19A0-4087-BDBB-3D3B658B7B84}.Debug|Any CPU.ActiveCfg = Debug|Any CPU
		{77B8B423-19A0-4087-BDBB-3D3B658B7B84}.Debug|Any CPU.Build.0 = Debug|Any CPU
		{77B8B423-19A0-4087-BDBB-3D3B658B7B84}.Release|Any CPU.ActiveCfg = Release|Any CPU
		{77B8B423-19A0-4087-BDBB-3D3B658B7B84}.Release|Any CPU.Build.0 = Release|Any CPU
		{2BD71BCF-672E-4837-A56B-2EFD9E0AB0D4}.Debug|Any CPU.ActiveCfg = Debug|Any CPU
		{2BD71BCF-672E-4837-A56B-2EFD9E0AB0D4}.Debug|Any CPU.Build.0 = Debug|Any CPU
		{2BD71BCF-672E-4837-A56B-2EFD9E0AB0D4}.Release|Any CPU.ActiveCfg = Release|Any CPU
		{2BD71BCF-672E-4837-A56B-2EFD9E0AB0D4}.Release|Any CPU.Build.0 = Release|Any CPU
		{276D2BF4-1AB1-4614-ACCE-32584C0C3A0A}.Debug|Any CPU.ActiveCfg = Debug|Any CPU
		{276D2BF4-1AB1-4614-ACCE-32584C0C3A0A}.Debug|Any CPU.Build.0 = Debug|Any CPU
		{276D2BF4-1AB1-4614-ACCE-32584C0C3A0A}.Release|Any CPU.ActiveCfg = Release|Any CPU
		{276D2BF4-1AB1-4614-ACCE-32584C0C3A0A}.Release|Any CPU.Build.0 = Release|Any CPU
	EndGlobalSection
EndGlobal
